
Microsoft Visual Studio Solution File, Format Version 12.00
# Visual Studio Version 16
VisualStudioVersion = 16.0.30503.244
MinimumVisualStudioVersion = 10.0.40219.1
Project("{FAE04EC0-301F-11D3-BF4B-00C04F79EFBC}") = "SoftwareDataBase", "SoftwareDataBase\SoftwareDataBase.csproj", "{3AB92265-E359-4AA2-817E-D3504A9DE805}"
EndProject
Global
	GlobalSection(SolutionConfigurationPlatforms) = preSolution
		Debug|Any CPU = Debug|Any CPU
		Release|Any CPU = Release|Any CPU
	EndGlobalSection
	GlobalSection(ProjectConfigurationPlatforms) = postSolution
		{3AB92265-E359-4AA2-817E-D3504A9DE805}.Debug|Any CPU.ActiveCfg = Debug|Any CPU
		{3AB92265-E359-4AA2-817E-D3504A9DE805}.Debug|Any CPU.Build.0 = Debug|Any CPU
		{3AB92265-E359-4AA2-817E-D3504A9DE805}.Release|Any CPU.ActiveCfg = Release|Any CPU
		{3AB92265-E359-4AA2-817E-D3504A9DE805}.Release|Any CPU.Build.0 = Release|Any CPU
	EndGlobalSection
	GlobalSection(SolutionProperties) = preSolution
		HideSolutionNode = FALSE
	EndGlobalSection
	GlobalSection(ExtensibilityGlobals) = postSolution
		SolutionGuid = {C32218C8-B3C9-44F6-B311-8D2806A8C9BD}
	EndGlobalSection
EndGlobal
